
Microsoft Visual Studio Solution File, Format Version 12.00
# Visual Studio 2012
Project("{FAE04EC0-301F-11D3-BF4B-00C04F79EFBC}") = "DAL", "DAL\DAL.csproj", "{CB5DBA12-278D-4551-BCE5-F5D1B6B8BAF8}"
EndProject
Project("{2150E333-8FDC-42A3-9474-1A3956D46DE8}") = ".nuget", ".nuget", "{115B4B5A-BEFB-4B97-A8C1-054878A070AF}"
	ProjectSection(SolutionItems) = preProject
		.nuget\NuGet.Config = .nuget\NuGet.Config
		.nuget\NuGet.exe = .nuget\NuGet.exe
		.nuget\NuGet.targets = .nuget\NuGet.targets
	EndProjectSection
EndProject
Project("{E24C65DC-7377-472B-9ABA-BC803B73C61A}") = "PRS", "PRS\", "{75619269-A3D6-4843-88C1-7805181E8C4D}"
	ProjectSection(WebsiteProperties) = preProject
		TargetFrameworkMoniker = ".NETFramework,Version%3Dv4.5"
		ProjectReferences = "{3a161c36-87a9-4009-b993-ebce4afcaba7}|BUS.dll;{9401591C-122B-4E8E-A8A3-82ED52002F2F}|SVC.dll;{CB5DBA12-278D-4551-BCE5-F5D1B6B8BAF8}|DAL.dll;"
		Debug.AspNetCompiler.VirtualPath = "/PRS"
		Debug.AspNetCompiler.PhysicalPath = "PRS\"
		Debug.AspNetCompiler.TargetPath = "PrecompiledWeb\PRS\"
		Debug.AspNetCompiler.Updateable = "true"
		Debug.AspNetCompiler.ForceOverwrite = "true"
		Debug.AspNetCompiler.FixedNames = "false"
		Debug.AspNetCompiler.Debug = "True"
		Release.AspNetCompiler.VirtualPath = "/PRS"
		Release.AspNetCompiler.PhysicalPath = "PRS\"
		Release.AspNetCompiler.TargetPath = "PrecompiledWeb\PRS\"
		Release.AspNetCompiler.Updateable = "true"
		Release.AspNetCompiler.ForceOverwrite = "true"
		Release.AspNetCompiler.FixedNames = "false"
		Release.AspNetCompiler.Debug = "False"
		VWDPort = "49869"
	EndProjectSection
EndProject
Project("{FAE04EC0-301F-11D3-BF4B-00C04F79EFBC}") = "DALTest", "DALTest\DALTest.csproj", "{D99CA528-9406-4B32-B21B-A87FB6E7FEB6}"
EndProject
Project("{FAE04EC0-301F-11D3-BF4B-00C04F79EFBC}") = "BUS", "BUS\BUS.csproj", "{3A161C36-87A9-4009-B993-EBCE4AFCABA7}"
	ProjectSection(ProjectDependencies) = postProject
		{15B3E0D2-6217-493A-A690-158C497F5318} = {15B3E0D2-6217-493A-A690-158C497F5318}
	EndProjectSection
EndProject
Project("{FAE04EC0-301F-11D3-BF4B-00C04F79EFBC}") = "BUSTest", "BUSTest\BUSTest.csproj", "{E7DD22BF-E1A3-4834-9B09-48F0C685C725}"
EndProject
Project("{FAE04EC0-301F-11D3-BF4B-00C04F79EFBC}") = "SVC", "SVC\SVC.csproj", "{9401591C-122B-4E8E-A8A3-82ED52002F2F}"
EndProject
Project("{FAE04EC0-301F-11D3-BF4B-00C04F79EFBC}") = "SVCTest", "SVCTest\SVCTest.csproj", "{8DFE4CFA-E48F-41CD-94C1-4E1BF5F1EA5B}"
EndProject
Project("{FAE04EC0-301F-11D3-BF4B-00C04F79EFBC}") = "WCFServiceLibrary", "WCFServiceLibrary\WCFServiceLibrary.csproj", "{15B3E0D2-6217-493A-A690-158C497F5318}"
EndProject
Project("{FAE04EC0-301F-11D3-BF4B-00C04F79EFBC}") = "WCFHost", "WCFHost\WCFHost.csproj", "{EFD659BA-17A6-4252-BB56-A42DD28FBE9F}"
EndProject
Project("{FAE04EC0-301F-11D3-BF4B-00C04F79EFBC}") = "WCFClient", "WCFClient\WCFClient.csproj", "{AE0D1DD7-4C17-49CC-A359-CD4B4CFA2614}"
EndProject
Project("{FAE04EC0-301F-11D3-BF4B-00C04F79EFBC}") = "MSSE682_SRV_SKT", "..\MSSE682_SRV_SKT\MSSE682_SRV_SKT\MSSE682_SRV_SKT.csproj", "{98AF864A-8747-45DA-B2D4-27D43F588A66}"
EndProject
Global
	GlobalSection(SolutionConfigurationPlatforms) = preSolution
		Debug|Any CPU = Debug|Any CPU
		Release|Any CPU = Release|Any CPU
	EndGlobalSection
	GlobalSection(ProjectConfigurationPlatforms) = postSolution
		{CB5DBA12-278D-4551-BCE5-F5D1B6B8BAF8}.Debug|Any CPU.ActiveCfg = Debug|Any CPU
		{CB5DBA12-278D-4551-BCE5-F5D1B6B8BAF8}.Debug|Any CPU.Build.0 = Debug|Any CPU
		{CB5DBA12-278D-4551-BCE5-F5D1B6B8BAF8}.Release|Any CPU.ActiveCfg = Release|Any CPU
		{CB5DBA12-278D-4551-BCE5-F5D1B6B8BAF8}.Release|Any CPU.Build.0 = Release|Any CPU
		{75619269-A3D6-4843-88C1-7805181E8C4D}.Debug|Any CPU.ActiveCfg = Debug|Any CPU
		{75619269-A3D6-4843-88C1-7805181E8C4D}.Debug|Any CPU.Build.0 = Debug|Any CPU
		{75619269-A3D6-4843-88C1-7805181E8C4D}.Release|Any CPU.ActiveCfg = Debug|Any CPU
		{75619269-A3D6-4843-88C1-7805181E8C4D}.Release|Any CPU.Build.0 = Debug|Any CPU
		{D99CA528-9406-4B32-B21B-A87FB6E7FEB6}.Debug|Any CPU.ActiveCfg = Debug|Any CPU
		{D99CA528-9406-4B32-B21B-A87FB6E7FEB6}.Debug|Any CPU.Build.0 = Debug|Any CPU
		{D99CA528-9406-4B32-B21B-A87FB6E7FEB6}.Release|Any CPU.ActiveCfg = Release|Any CPU
		{D99CA528-9406-4B32-B21B-A87FB6E7FEB6}.Release|Any CPU.Build.0 = Release|Any CPU
		{3A161C36-87A9-4009-B993-EBCE4AFCABA7}.Debug|Any CPU.ActiveCfg = Debug|Any CPU
		{3A161C36-87A9-4009-B993-EBCE4AFCABA7}.Debug|Any CPU.Build.0 = Debug|Any CPU
		{3A161C36-87A9-4009-B993-EBCE4AFCABA7}.Release|Any CPU.ActiveCfg = Release|Any CPU
		{3A161C36-87A9-4009-B993-EBCE4AFCABA7}.Release|Any CPU.Build.0 = Release|Any CPU
		{E7DD22BF-E1A3-4834-9B09-48F0C685C725}.Debug|Any CPU.ActiveCfg = Debug|Any CPU
		{E7DD22BF-E1A3-4834-9B09-48F0C685C725}.Debug|Any CPU.Build.0 = Debug|Any CPU
		{E7DD22BF-E1A3-4834-9B09-48F0C685C725}.Release|Any CPU.ActiveCfg = Release|Any CPU
		{E7DD22BF-E1A3-4834-9B09-48F0C685C725}.Release|Any CPU.Build.0 = Release|Any CPU
		{9401591C-122B-4E8E-A8A3-82ED52002F2F}.Debug|Any CPU.ActiveCfg = Debug|Any CPU
		{9401591C-122B-4E8E-A8A3-82ED52002F2F}.Debug|Any CPU.Build.0 = Debug|Any CPU
		{9401591C-122B-4E8E-A8A3-82ED52002F2F}.Release|Any CPU.ActiveCfg = Release|Any CPU
		{9401591C-122B-4E8E-A8A3-82ED52002F2F}.Release|Any CPU.Build.0 = Release|Any CPU
		{8DFE4CFA-E48F-41CD-94C1-4E1BF5F1EA5B}.Debug|Any CPU.ActiveCfg = Debug|Any CPU
		{8DFE4CFA-E48F-41CD-94C1-4E1BF5F1EA5B}.Debug|Any CPU.Build.0 = Debug|Any CPU
		{8DFE4CFA-E48F-41CD-94C1-4E1BF5F1EA5B}.Release|Any CPU.ActiveCfg = Release|Any CPU
		{8DFE4CFA-E48F-41CD-94C1-4E1BF5F1EA5B}.Release|Any CPU.Build.0 = Release|Any CPU
		{15B3E0D2-6217-493A-A690-158C497F5318}.Debug|Any CPU.ActiveCfg = Debug|Any CPU
		{15B3E0D2-6217-493A-A690-158C497F5318}.Debug|Any CPU.Build.0 = Debug|Any CPU
		{15B3E0D2-6217-493A-A690-158C497F5318}.Release|Any CPU.ActiveCfg = Release|Any CPU
		{15B3E0D2-6217-493A-A690-158C497F5318}.Release|Any CPU.Build.0 = Release|Any CPU
		{EFD659BA-17A6-4252-BB56-A42DD28FBE9F}.Debug|Any CPU.ActiveCfg = Debug|Any CPU
		{EFD659BA-17A6-4252-BB56-A42DD28FBE9F}.Debug|Any CPU.Build.0 = Debug|Any CPU
		{EFD659BA-17A6-4252-BB56-A42DD28FBE9F}.Release|Any CPU.ActiveCfg = Release|Any CPU
		{EFD659BA-17A6-4252-BB56-A42DD28FBE9F}.Release|Any CPU.Build.0 = Release|Any CPU
		{AE0D1DD7-4C17-49CC-A359-CD4B4CFA2614}.Debug|Any CPU.ActiveCfg = Debug|Any CPU
		{AE0D1DD7-4C17-49CC-A359-CD4B4CFA2614}.Debug|Any CPU.Build.0 = Debug|Any CPU
		{AE0D1DD7-4C17-49CC-A359-CD4B4CFA2614}.Release|Any CPU.ActiveCfg = Release|Any CPU
		{AE0D1DD7-4C17-49CC-A359-CD4B4CFA2614}.Release|Any CPU.Build.0 = Release|Any CPU
		{98AF864A-8747-45DA-B2D4-27D43F588A66}.Debug|Any CPU.ActiveCfg = Debug|Any CPU
		{98AF864A-8747-45DA-B2D4-27D43F588A66}.Debug|Any CPU.Build.0 = Debug|Any CPU
		{98AF864A-8747-45DA-B2D4-27D43F588A66}.Release|Any CPU.ActiveCfg = Release|Any CPU
		{98AF864A-8747-45DA-B2D4-27D43F588A66}.Release|Any CPU.Build.0 = Release|Any CPU
	EndGlobalSection
	GlobalSection(SolutionProperties) = preSolution
		HideSolutionNode = FALSE
	EndGlobalSection
EndGlobal
